
Microsoft Visual Studio Solution File, Format Version 12.00
# Visual Studio Version 16
VisualStudioVersion = 16.0.28803.202
MinimumVisualStudioVersion = 10.0.40219.1
Project("{FAE04EC0-301F-11D3-BF4B-00C04F79EFBC}") = "Değişkenler_", "Değişkenler_\Değişkenler_.csproj", "{4C30275D-94FA-4665-8BFD-320330414DEC}"
EndProject
Global
	GlobalSection(SolutionConfigurationPlatforms) = preSolution
		Debug|Any CPU = Debug|Any CPU
		Release|Any CPU = Release|Any CPU
	EndGlobalSection
	GlobalSection(ProjectConfigurationPlatforms) = postSolution
		{4C30275D-94FA-4665-8BFD-320330414DEC}.Debug|Any CPU.ActiveCfg = Debug|Any CPU
		{4C30275D-94FA-4665-8BFD-320330414DEC}.Debug|Any CPU.Build.0 = Debug|Any CPU
		{4C30275D-94FA-4665-8BFD-320330414DEC}.Release|Any CPU.ActiveCfg = Release|Any CPU
		{4C30275D-94FA-4665-8BFD-320330414DEC}.Release|Any CPU.Build.0 = Release|Any CPU
	EndGlobalSection
	GlobalSection(SolutionProperties) = preSolution
		HideSolutionNode = FALSE
	EndGlobalSection
	GlobalSection(ExtensibilityGlobals) = postSolution
		SolutionGuid = {61EAF063-AFCE-4494-BEC0-AE3CAF76063D}
	EndGlobalSection
EndGlobal
